
Microsoft Visual Studio Solution File, Format Version 12.00
# Visual Studio 15
VisualStudioVersion = 15.0.28307.102
MinimumVisualStudioVersion = 10.0.40219.1
Project("{8BC9CEB8-8B4A-11D0-8D11-00A0C91BC942}") = "遍历万年历", "遍历万年历\遍历万年历.vcxproj", "{CAED4488-6575-4A8F-8529-7B11E32BA048}"
EndProject
Global
	GlobalSection(SolutionConfigurationPlatforms) = preSolution
		Debug|x64 = Debug|x64
		Debug|x86 = Debug|x86
		Release|x64 = Release|x64
		Release|x86 = Release|x86
	EndGlobalSection
	GlobalSection(ProjectConfigurationPlatforms) = postSolution
		{CAED4488-6575-4A8F-8529-7B11E32BA048}.Debug|x64.ActiveCfg = Debug|x64
		{CAED4488-6575-4A8F-8529-7B11E32BA048}.Debug|x64.Build.0 = Debug|x64
		{CAED4488-6575-4A8F-8529-7B11E32BA048}.Debug|x86.ActiveCfg = Debug|Win32
		{CAED4488-6575-4A8F-8529-7B11E32BA048}.Debug|x86.Build.0 = Debug|Win32
		{CAED4488-6575-4A8F-8529-7B11E32BA048}.Release|x64.ActiveCfg = Release|x64
		{CAED4488-6575-4A8F-8529-7B11E32BA048}.Release|x64.Build.0 = Release|x64
		{CAED4488-6575-4A8F-8529-7B11E32BA048}.Release|x86.ActiveCfg = Release|Win32
		{CAED4488-6575-4A8F-8529-7B11E32BA048}.Release|x86.Build.0 = Release|Win32
	EndGlobalSection
	GlobalSection(SolutionProperties) = preSolution
		HideSolutionNode = FALSE
	EndGlobalSection
	GlobalSection(ExtensibilityGlobals) = postSolution
		SolutionGuid = {B50D9904-342A-469D-9A6C-1DB9A810D490}
	EndGlobalSection
EndGlobal
