
Microsoft Visual Studio Solution File, Format Version 12.00
# Visual Studio 15
VisualStudioVersion = 15.0.28307.102
MinimumVisualStudioVersion = 10.0.40219.1
Project("{8BC9CEB8-8B4A-11D0-8D11-00A0C91BC942}") = "指针作用", "指针作用\指针作用.vcxproj", "{DC5B44DE-3458-40B3-A3FF-E2DB4E240AF0}"
EndProject
Global
	GlobalSection(SolutionConfigurationPlatforms) = preSolution
		Debug|x64 = Debug|x64
		Debug|x86 = Debug|x86
		Release|x64 = Release|x64
		Release|x86 = Release|x86
	EndGlobalSection
	GlobalSection(ProjectConfigurationPlatforms) = postSolution
		{DC5B44DE-3458-40B3-A3FF-E2DB4E240AF0}.Debug|x64.ActiveCfg = Debug|x64
		{DC5B44DE-3458-40B3-A3FF-E2DB4E240AF0}.Debug|x64.Build.0 = Debug|x64
		{DC5B44DE-3458-40B3-A3FF-E2DB4E240AF0}.Debug|x86.ActiveCfg = Debug|Win32
		{DC5B44DE-3458-40B3-A3FF-E2DB4E240AF0}.Debug|x86.Build.0 = Debug|Win32
		{DC5B44DE-3458-40B3-A3FF-E2DB4E240AF0}.Release|x64.ActiveCfg = Release|x64
		{DC5B44DE-3458-40B3-A3FF-E2DB4E240AF0}.Release|x64.Build.0 = Release|x64
		{DC5B44DE-3458-40B3-A3FF-E2DB4E240AF0}.Release|x86.ActiveCfg = Release|Win32
		{DC5B44DE-3458-40B3-A3FF-E2DB4E240AF0}.Release|x86.Build.0 = Release|Win32
	EndGlobalSection
	GlobalSection(SolutionProperties) = preSolution
		HideSolutionNode = FALSE
	EndGlobalSection
	GlobalSection(ExtensibilityGlobals) = postSolution
		SolutionGuid = {958F4844-FACC-49FE-A789-1264D0B9B327}
	EndGlobalSection
EndGlobal
