
Microsoft Visual Studio Solution File, Format Version 12.00
# Visual Studio 15
VisualStudioVersion = 15.0.28307.102
MinimumVisualStudioVersion = 10.0.40219.1
Project("{8BC9CEB8-8B4A-11D0-8D11-00A0C91BC942}") = "求圆的半径与直径", "求圆的半径与直径\求圆的半径与直径.vcxproj", "{AD7D913B-A081-4571-9528-3BDEC9A5B946}"
EndProject
Global
	GlobalSection(SolutionConfigurationPlatforms) = preSolution
		Debug|x64 = Debug|x64
		Debug|x86 = Debug|x86
		Release|x64 = Release|x64
		Release|x86 = Release|x86
	EndGlobalSection
	GlobalSection(ProjectConfigurationPlatforms) = postSolution
		{AD7D913B-A081-4571-9528-3BDEC9A5B946}.Debug|x64.ActiveCfg = Debug|x64
		{AD7D913B-A081-4571-9528-3BDEC9A5B946}.Debug|x64.Build.0 = Debug|x64
		{AD7D913B-A081-4571-9528-3BDEC9A5B946}.Debug|x86.ActiveCfg = Debug|Win32
		{AD7D913B-A081-4571-9528-3BDEC9A5B946}.Debug|x86.Build.0 = Debug|Win32
		{AD7D913B-A081-4571-9528-3BDEC9A5B946}.Release|x64.ActiveCfg = Release|x64
		{AD7D913B-A081-4571-9528-3BDEC9A5B946}.Release|x64.Build.0 = Release|x64
		{AD7D913B-A081-4571-9528-3BDEC9A5B946}.Release|x86.ActiveCfg = Release|Win32
		{AD7D913B-A081-4571-9528-3BDEC9A5B946}.Release|x86.Build.0 = Release|Win32
	EndGlobalSection
	GlobalSection(SolutionProperties) = preSolution
		HideSolutionNode = FALSE
	EndGlobalSection
	GlobalSection(ExtensibilityGlobals) = postSolution
		SolutionGuid = {676B1E17-8353-4FC8-BCD6-F2B3C95D6DFA}
	EndGlobalSection
EndGlobal
