
Microsoft Visual Studio Solution File, Format Version 12.00
# Visual Studio 15
VisualStudioVersion = 15.0.28307.102
MinimumVisualStudioVersion = 10.0.40219.1
Project("{8BC9CEB8-8B4A-11D0-8D11-00A0C91BC942}") = "乘法口诀表", "乘法口诀表\乘法口诀表.vcxproj", "{6A5EBBBA-59DF-4EAF-8128-48A9B090F78F}"
EndProject
Global
	GlobalSection(SolutionConfigurationPlatforms) = preSolution
		Debug|x64 = Debug|x64
		Debug|x86 = Debug|x86
		Release|x64 = Release|x64
		Release|x86 = Release|x86
	EndGlobalSection
	GlobalSection(ProjectConfigurationPlatforms) = postSolution
		{6A5EBBBA-59DF-4EAF-8128-48A9B090F78F}.Debug|x64.ActiveCfg = Debug|x64
		{6A5EBBBA-59DF-4EAF-8128-48A9B090F78F}.Debug|x64.Build.0 = Debug|x64
		{6A5EBBBA-59DF-4EAF-8128-48A9B090F78F}.Debug|x86.ActiveCfg = Debug|Win32
		{6A5EBBBA-59DF-4EAF-8128-48A9B090F78F}.Debug|x86.Build.0 = Debug|Win32
		{6A5EBBBA-59DF-4EAF-8128-48A9B090F78F}.Release|x64.ActiveCfg = Release|x64
		{6A5EBBBA-59DF-4EAF-8128-48A9B090F78F}.Release|x64.Build.0 = Release|x64
		{6A5EBBBA-59DF-4EAF-8128-48A9B090F78F}.Release|x86.ActiveCfg = Release|Win32
		{6A5EBBBA-59DF-4EAF-8128-48A9B090F78F}.Release|x86.Build.0 = Release|Win32
	EndGlobalSection
	GlobalSection(SolutionProperties) = preSolution
		HideSolutionNode = FALSE
	EndGlobalSection
	GlobalSection(ExtensibilityGlobals) = postSolution
		SolutionGuid = {8C2FCE3A-BD9E-4043-83C2-058A22ED75D5}
	EndGlobalSection
EndGlobal
